
Microsoft Visual Studio Solution File, Format Version 12.00
# Visual Studio Version 16
VisualStudioVersion = 16.0.31229.75
MinimumVisualStudioVersion = 10.0.40219.1
Project("{FAE04EC0-301F-11D3-BF4B-00C04F79EFBC}") = "ConsoleApp1", "ConsoleApp1\ConsoleApp1.csproj", "{6BD19162-B77F-49C2-A486-69B0DCC3309B}"
EndProject
Global
	GlobalSection(SolutionConfigurationPlatforms) = preSolution
		Debug|Any CPU = Debug|Any CPU
		Release|Any CPU = Release|Any CPU
	EndGlobalSection
	GlobalSection(ProjectConfigurationPlatforms) = postSolution
		{6BD19162-B77F-49C2-A486-69B0DCC3309B}.Debug|Any CPU.ActiveCfg = Debug|Any CPU
		{6BD19162-B77F-49C2-A486-69B0DCC3309B}.Debug|Any CPU.Build.0 = Debug|Any CPU
		{6BD19162-B77F-49C2-A486-69B0DCC3309B}.Release|Any CPU.ActiveCfg = Release|Any CPU
		{6BD19162-B77F-49C2-A486-69B0DCC3309B}.Release|Any CPU.Build.0 = Release|Any CPU
	EndGlobalSection
	GlobalSection(SolutionProperties) = preSolution
		HideSolutionNode = FALSE
	EndGlobalSection
	GlobalSection(ExtensibilityGlobals) = postSolution
		SolutionGuid = {32860259-BB88-4D7A-94F1-53CE7735BBDA}
	EndGlobalSection
EndGlobal
